# THIS IS AN AUTOGENERATED FILE. DO NOT EDIT THIS FILE DIRECTLY.
# yarn lockfile v1


"@types/classnames@^2.2.10":
  version "2.2.10"
  resolved "https://registry.yarnpkg.com/@types/classnames/-/classnames-2.2.10.tgz#cc658ca319b6355399efc1f5b9e818f1a24bf999"
  integrity sha512-1UzDldn9GfYYEsWWnn/P4wkTlkZDH7lDb0wBMGbtIQc9zXEQq7FlKBdZUn6OBqD8sKZZ2RQO2mAjGpXiDGoRmQ==
